
Microsoft Visual Studio Solution File, Format Version 12.00
# Visual Studio Version 17
VisualStudioVersion = 17.4.33110.190
MinimumVisualStudioVersion = 10.0.40219.1
Project("{2150E333-8FDC-42A3-9474-1A3956D46DE8}") = "Solution Items", "Solution Items", "{42249927-F096-41EE-9C58-D781063C293B}"
	ProjectSection(SolutionItems) = preProject
		.editorconfig = .editorconfig
		global.json = global.json
	EndProjectSection
EndProject
Project("{9A19103F-16F7-4668-BE54-9A1E7A4F7556}") = "Pkmds.Web", "Pkmds.Web\Pkmds.Web.csproj", "{F457F3DE-E45B-48D2-AFC9-BF9DAD07DE90}"
EndProject
Global
	GlobalSection(SolutionConfigurationPlatforms) = preSolution
		Debug|Any CPU = Debug|Any CPU
		Release|Any CPU = Release|Any CPU
	EndGlobalSection
	GlobalSection(ProjectConfigurationPlatforms) = postSolution
		{F457F3DE-E45B-48D2-AFC9-BF9DAD07DE90}.Debug|Any CPU.ActiveCfg = Debug|Any CPU
		{F457F3DE-E45B-48D2-AFC9-BF9DAD07DE90}.Debug|Any CPU.Build.0 = Debug|Any CPU
		{F457F3DE-E45B-48D2-AFC9-BF9DAD07DE90}.Release|Any CPU.ActiveCfg = Release|Any CPU
		{F457F3DE-E45B-48D2-AFC9-BF9DAD07DE90}.Release|Any CPU.Build.0 = Release|Any CPU
	EndGlobalSection
	GlobalSection(SolutionProperties) = preSolution
		HideSolutionNode = FALSE
	EndGlobalSection
	GlobalSection(ExtensibilityGlobals) = postSolution
		SolutionGuid = {D3EBCEE2-743D-4D8D-8C13-87B1A1871695}
	EndGlobalSection
EndGlobal
